
Microsoft Visual Studio Solution File, Format Version 12.00
# Visual Studio Version 17
VisualStudioVersion = 17.11.35327.3
MinimumVisualStudioVersion = 10.0.40219.1
Project("{FAE04EC0-301F-11D3-BF4B-00C04F79EFBC}") = "BackupManager", "BackupManager\BackupManager.csproj", "{BCDA2596-218B-4438-8B68-0153FB27F34E}"
EndProject
Global
	GlobalSection(SolutionConfigurationPlatforms) = preSolution
		Debug|Any CPU = Debug|Any CPU
		Release|Any CPU = Release|Any CPU
	EndGlobalSection
	GlobalSection(ProjectConfigurationPlatforms) = postSolution
		{BCDA2596-218B-4438-8B68-0153FB27F34E}.Debug|Any CPU.ActiveCfg = Debug|Any CPU
		{BCDA2596-218B-4438-8B68-0153FB27F34E}.Debug|Any CPU.Build.0 = Debug|Any CPU
		{BCDA2596-218B-4438-8B68-0153FB27F34E}.Release|Any CPU.ActiveCfg = Release|Any CPU
		{BCDA2596-218B-4438-8B68-0153FB27F34E}.Release|Any CPU.Build.0 = Release|Any CPU
	EndGlobalSection
	GlobalSection(SolutionProperties) = preSolution
		HideSolutionNode = FALSE
	EndGlobalSection
	GlobalSection(ExtensibilityGlobals) = postSolution
		SolutionGuid = {F1A1E03C-71EE-4A6F-84D5-903413C3D85C}
	EndGlobalSection
EndGlobal
